# This file is @generated by PDM.
# It is not intended for manual editing.

[metadata]
groups = ["default", "dev"]
strategy = ["cross_platform", "inherit_metadata"]
lock_version = "4.4.2"
content_hash = "sha256:41aa61cb047d8a8c7c259c08cb4171d088d4f540df3c1e21386fd0a9a553044f"

[[package]]
name = "aiofile"
version = "3.5.0"
requires_python = ">3.4.*, <4"
summary = "Asynchronous file operations."
groups = ["dev"]
dependencies = [
    "caio~=0.8.0",
]
files = [
    {file = "aiofile-3.5.0-py3-none-any.whl", hash = "sha256:5e7287a33b498bfa418aac1caa0be7b2ad32ec49680ec22f537335d95002de0a"},
    {file = "aiofile-3.5.0.tar.gz", hash = "sha256:cc9fb394e8c0ad1d2b9014a9b4bdaa3535f098c5881bd3ba220350b198c12727"},
]

[[package]]
name = "aiofiles"
version = "0.6.0"
summary = "File support for asyncio."
groups = ["dev"]
files = [
    {file = "aiofiles-0.6.0-py3-none-any.whl", hash = "sha256:bd3019af67f83b739f8e4053c6c0512a7f545b9a8d91aaeab55e6e0f9d123c27"},
    {file = "aiofiles-0.6.0.tar.gz", hash = "sha256:e0281b157d3d5d59d803e3f4557dcc9a3dff28a4dd4829a9ff478adae50ca092"},
]

[[package]]
name = "aiopath"
version = "0.5.6"
requires_python = ">=3.7"
summary = "📁 Async pathlib for Python"
groups = ["dev"]
dependencies = [
    "aiofile==3.5.0",
    "aiofiles==0.6.0",
    "typing-extensions>=3.10.0.0; python_version < \"3.10\"",
]
files = [
    {file = "aiopath-0.5.6-py2.py3-none-any.whl", hash = "sha256:759430e63b180e684a529ae23d804a1003e14e41f64f46196ffe2da444be455b"},
    {file = "aiopath-0.5.6.tar.gz", hash = "sha256:daa794df01ca9b62b0df021ebff603059e7f7589d045a24cf6a29f2abff4e08b"},
]

[[package]]
name = "anyio"
version = "4.4.0"
requires_python = ">=3.8"
summary = "High level compatibility layer for multiple asynchronous event loop implementations"
groups = ["dev"]
dependencies = [
    "exceptiongroup>=1.0.2; python_version < \"3.11\"",
    "idna>=2.8",
    "sniffio>=1.1",
    "typing-extensions>=4.1; python_version < \"3.11\"",
]
files = [
    {file = "anyio-4.4.0-py3-none-any.whl", hash = "sha256:c1b2d8f46a8a812513012e1107cb0e68c17159a7a594208005a57dc776e1bdc7"},
    {file = "anyio-4.4.0.tar.gz", hash = "sha256:5aadc6a1bbb7cdb0bede386cac5e2940f5e2ff3aa20277e991cf028e0585ce94"},
]

[[package]]
name = "caio"
version = "0.8.4"
requires_python = ">=3.5.*, <4"
summary = "Asynchronous file IO for Linux Posix and Windows."
groups = ["dev"]
files = [
    {file = "caio-0.8.4-cp39-cp39-macosx_10_14_x86_64.whl", hash = "sha256:67d0b376676c0959b09d00d8e7715c0dd2127b1503b5727a0a232c6561668d96"},
    {file = "caio-0.8.4-cp39-cp39-manylinux_2_12_x86_64.manylinux2010_x86_64.whl", hash = "sha256:7a422a877c2d9f2c2cdce0219306bb063a4106765f9cad19d2917c70de415a63"},
    {file = "caio-0.8.4-py3-none-any.whl", hash = "sha256:f7ee73b182d732bbca937df3ce13767641328f8fc69f92605aaab06feba5a125"},
    {file = "caio-0.8.4.tar.gz", hash = "sha256:c49fef200796ac876a3507d2b07478c3920c48968dcef26ff928d191cd89d041"},
]

[[package]]
name = "cfgv"
version = "3.4.0"
requires_python = ">=3.8"
summary = "Validate configuration and produce human readable error messages."
groups = ["dev"]
files = [
    {file = "cfgv-3.4.0-py2.py3-none-any.whl", hash = "sha256:b7265b1f29fd3316bfcd2b330d63d024f2bfd8bcb8b0272f8e19a504856c48f9"},
    {file = "cfgv-3.4.0.tar.gz", hash = "sha256:e52591d4c5f5dead8e0f673fb16db7949d2cfb3f7da4582893288f0ded8fe560"},
]

[[package]]
name = "colorama"
version = "0.4.6"
requires_python = "!=3.0.*,!=3.1.*,!=3.2.*,!=3.3.*,!=3.4.*,!=3.5.*,!=3.6.*,>=2.7"
summary = "Cross-platform colored terminal text."
groups = ["dev"]
marker = "sys_platform == \"win32\""
files = [
    {file = "colorama-0.4.6-py2.py3-none-any.whl", hash = "sha256:4f1d9991f5acc0ca119f9d443620b77f9d6b33703e51011c16baf57afb285fc6"},
    {file = "colorama-0.4.6.tar.gz", hash = "sha256:08695f5cb7ed6e0531a20572697297273c47b8cae5a63ffc6d6ed5c201be6e44"},
]

[[package]]
name = "distlib"
version = "0.3.8"
summary = "Distribution utilities"
groups = ["dev"]
files = [
    {file = "distlib-0.3.8-py2.py3-none-any.whl", hash = "sha256:034db59a0b96f8ca18035f36290806a9a6e6bd9d1ff91e45a7f172eb17e51784"},
    {file = "distlib-0.3.8.tar.gz", hash = "sha256:1530ea13e350031b6312d8580ddb6b27a104275a31106523b8f123787f494f64"},
]

[[package]]
name = "exceptiongroup"
version = "1.2.1"
requires_python = ">=3.7"
summary = "Backport of PEP 654 (exception groups)"
groups = ["dev"]
marker = "python_version < \"3.11\""
files = [
    {file = "exceptiongroup-1.2.1-py3-none-any.whl", hash = "sha256:5258b9ed329c5bbdd31a309f53cbfb0b155341807f6ff7606a1e801a891b29ad"},
    {file = "exceptiongroup-1.2.1.tar.gz", hash = "sha256:a4785e48b045528f5bfe627b6ad554ff32def154f42372786903b7abcfe1aa16"},
]

[[package]]
name = "filelock"
version = "3.15.4"
requires_python = ">=3.8"
summary = "A platform independent file lock."
groups = ["dev"]
files = [
    {file = "filelock-3.15.4-py3-none-any.whl", hash = "sha256:6ca1fffae96225dab4c6eaf1c4f4f28cd2568d3ec2a44e15a08520504de468e7"},
    {file = "filelock-3.15.4.tar.gz", hash = "sha256:2207938cbc1844345cb01a5a95524dae30f0ce089eba5b00378295a17e3e90cb"},
]

[[package]]
name = "gitdb"
version = "4.0.11"
requires_python = ">=3.7"
summary = "Git Object Database"
groups = ["dev"]
dependencies = [
    "smmap<6,>=3.0.1",
]
files = [
    {file = "gitdb-4.0.11-py3-none-any.whl", hash = "sha256:81a3407ddd2ee8df444cbacea00e2d038e40150acfa3001696fe0dcf1d3adfa4"},
    {file = "gitdb-4.0.11.tar.gz", hash = "sha256:bf5421126136d6d0af55bc1e7c1af1c397a34f5b7bd79e776cd3e89785c2b04b"},
]

[[package]]
name = "gitpython"
version = "3.1.43"
requires_python = ">=3.7"
summary = "GitPython is a Python library used to interact with Git repositories"
groups = ["dev"]
dependencies = [
    "gitdb<5,>=4.0.1",
]
files = [
    {file = "GitPython-3.1.43-py3-none-any.whl", hash = "sha256:eec7ec56b92aad751f9912a73404bc02ba212a23adb2c7098ee668417051a1ff"},
    {file = "GitPython-3.1.43.tar.gz", hash = "sha256:35f314a9f878467f5453cc1fee295c3e18e52f1b99f10f6cf5b1682e968a9e7c"},
]

[[package]]
name = "identify"
version = "2.5.36"
requires_python = ">=3.8"
summary = "File identification library for Python"
groups = ["dev"]
files = [
    {file = "identify-2.5.36-py2.py3-none-any.whl", hash = "sha256:37d93f380f4de590500d9dba7db359d0d3da95ffe7f9de1753faa159e71e7dfa"},
    {file = "identify-2.5.36.tar.gz", hash = "sha256:e5e00f54165f9047fbebeb4a560f9acfb8af4c88232be60a488e9b68d122745d"},
]

[[package]]
name = "idna"
version = "3.7"
requires_python = ">=3.5"
summary = "Internationalized Domain Names in Applications (IDNA)"
groups = ["dev"]
files = [
    {file = "idna-3.7-py3-none-any.whl", hash = "sha256:82fee1fc78add43492d3a1898bfa6d8a904cc97d8427f683ed8e798d07761aa0"},
    {file = "idna-3.7.tar.gz", hash = "sha256:028ff3aadf0609c1fd278d8ea3089299412a7a8b9bd005dd08b9f8285bcb5cfc"},
]

[[package]]
name = "iniconfig"
version = "2.0.0"
requires_python = ">=3.7"
summary = "brain-dead simple config-ini parsing"
groups = ["dev"]
files = [
    {file = "iniconfig-2.0.0-py3-none-any.whl", hash = "sha256:b6a85871a79d2e3b22d2d1b94ac2824226a63c6b741c88f7ae975f18b6778374"},
    {file = "iniconfig-2.0.0.tar.gz", hash = "sha256:2d91e135bf72d31a410b17c16da610a82cb55f6b0477d1a902134b24a455b8b3"},
]

[[package]]
name = "mypy"
version = "1.11.0"
requires_python = ">=3.8"
summary = "Optional static typing for Python"
groups = ["dev"]
dependencies = [
    "mypy-extensions>=1.0.0",
    "tomli>=1.1.0; python_version < \"3.11\"",
    "typing-extensions>=4.6.0",
]
files = [
    {file = "mypy-1.11.0-cp310-cp310-macosx_10_9_x86_64.whl", hash = "sha256:a3824187c99b893f90c845bab405a585d1ced4ff55421fdf5c84cb7710995229"},
    {file = "mypy-1.11.0-cp310-cp310-macosx_11_0_arm64.whl", hash = "sha256:96f8dbc2c85046c81bcddc246232d500ad729cb720da4e20fce3b542cab91287"},
    {file = "mypy-1.11.0-cp310-cp310-manylinux_2_17_x86_64.manylinux2014_x86_64.manylinux_2_28_x86_64.whl", hash = "sha256:1a5d8d8dd8613a3e2be3eae829ee891b6b2de6302f24766ff06cb2875f5be9c6"},
    {file = "mypy-1.11.0-cp310-cp310-musllinux_1_1_x86_64.whl", hash = "sha256:72596a79bbfb195fd41405cffa18210af3811beb91ff946dbcb7368240eed6be"},
    {file = "mypy-1.11.0-cp310-cp310-win_amd64.whl", hash = "sha256:35ce88b8ed3a759634cb4eb646d002c4cef0a38f20565ee82b5023558eb90c00"},
    {file = "mypy-1.11.0-cp311-cp311-macosx_10_9_x86_64.whl", hash = "sha256:98790025861cb2c3db8c2f5ad10fc8c336ed2a55f4daf1b8b3f877826b6ff2eb"},
    {file = "mypy-1.11.0-cp311-cp311-macosx_11_0_arm64.whl", hash = "sha256:25bcfa75b9b5a5f8d67147a54ea97ed63a653995a82798221cca2a315c0238c1"},
    {file = "mypy-1.11.0-cp311-cp311-manylinux_2_17_x86_64.manylinux2014_x86_64.manylinux_2_28_x86_64.whl", hash = "sha256:0bea2a0e71c2a375c9fa0ede3d98324214d67b3cbbfcbd55ac8f750f85a414e3"},
    {file = "mypy-1.11.0-cp311-cp311-musllinux_1_1_x86_64.whl", hash = "sha256:d2b3d36baac48e40e3064d2901f2fbd2a2d6880ec6ce6358825c85031d7c0d4d"},
    {file = "mypy-1.11.0-cp311-cp311-win_amd64.whl", hash = "sha256:d8e2e43977f0e09f149ea69fd0556623919f816764e26d74da0c8a7b48f3e18a"},
    {file = "mypy-1.11.0-cp312-cp312-macosx_10_9_x86_64.whl", hash = "sha256:1d44c1e44a8be986b54b09f15f2c1a66368eb43861b4e82573026e04c48a9e20"},
    {file = "mypy-1.11.0-cp312-cp312-macosx_11_0_arm64.whl", hash = "sha256:cea3d0fb69637944dd321f41bc896e11d0fb0b0aa531d887a6da70f6e7473aba"},
    {file = "mypy-1.11.0-cp312-cp312-manylinux_2_17_x86_64.manylinux2014_x86_64.manylinux_2_28_x86_64.whl", hash = "sha256:a83ec98ae12d51c252be61521aa5731f5512231d0b738b4cb2498344f0b840cd"},
    {file = "mypy-1.11.0-cp312-cp312-musllinux_1_1_x86_64.whl", hash = "sha256:c7b73a856522417beb78e0fb6d33ef89474e7a622db2653bc1285af36e2e3e3d"},
    {file = "mypy-1.11.0-cp312-cp312-win_amd64.whl", hash = "sha256:f2268d9fcd9686b61ab64f077be7ffbc6fbcdfb4103e5dd0cc5eaab53a8886c2"},
    {file = "mypy-1.11.0-cp39-cp39-macosx_10_9_x86_64.whl", hash = "sha256:104e9c1620c2675420abd1f6c44bab7dd33cc85aea751c985006e83dcd001095"},
    {file = "mypy-1.11.0-cp39-cp39-macosx_11_0_arm64.whl", hash = "sha256:f006e955718ecd8d159cee9932b64fba8f86ee6f7728ca3ac66c3a54b0062abe"},
    {file = "mypy-1.11.0-cp39-cp39-manylinux_2_17_x86_64.manylinux2014_x86_64.manylinux_2_28_x86_64.whl", hash = "sha256:becc9111ca572b04e7e77131bc708480cc88a911adf3d0239f974c034b78085c"},
    {file = "mypy-1.11.0-cp39-cp39-musllinux_1_1_x86_64.whl", hash = "sha256:6801319fe76c3f3a3833f2b5af7bd2c17bb93c00026a2a1b924e6762f5b19e13"},
    {file = "mypy-1.11.0-cp39-cp39-win_amd64.whl", hash = "sha256:c1a184c64521dc549324ec6ef7cbaa6b351912be9cb5edb803c2808a0d7e85ac"},
    {file = "mypy-1.11.0-py3-none-any.whl", hash = "sha256:56913ec8c7638b0091ef4da6fcc9136896914a9d60d54670a75880c3e5b99ace"},
    {file = "mypy-1.11.0.tar.gz", hash = "sha256:93743608c7348772fdc717af4aeee1997293a1ad04bc0ea6efa15bf65385c538"},
]

[[package]]
name = "mypy-extensions"
version = "1.0.0"
requires_python = ">=3.5"
summary = "Type system extensions for programs checked with the mypy type checker."
groups = ["dev"]
files = [
    {file = "mypy_extensions-1.0.0-py3-none-any.whl", hash = "sha256:4392f6c0eb8a5668a69e23d168ffa70f0be9ccfd32b5cc2d26a34ae5b844552d"},
    {file = "mypy_extensions-1.0.0.tar.gz", hash = "sha256:75dbf8955dc00442a438fc4d0666508a9a97b6bd41aa2f0ffe9d2f2725af0782"},
]

[[package]]
name = "nodeenv"
version = "1.9.1"
requires_python = "!=3.0.*,!=3.1.*,!=3.2.*,!=3.3.*,!=3.4.*,!=3.5.*,!=3.6.*,>=2.7"
summary = "Node.js virtual environment builder"
groups = ["dev"]
files = [
    {file = "nodeenv-1.9.1-py2.py3-none-any.whl", hash = "sha256:ba11c9782d29c27c70ffbdda2d7415098754709be8a7056d79a737cd901155c9"},
    {file = "nodeenv-1.9.1.tar.gz", hash = "sha256:6ec12890a2dab7946721edbfbcd91f3319c6ccc9aec47be7c7e6b7011ee6645f"},
]

[[package]]
name = "packaging"
version = "24.1"
requires_python = ">=3.8"
summary = "Core utilities for Python packages"
groups = ["dev"]
files = [
    {file = "packaging-24.1-py3-none-any.whl", hash = "sha256:5b8f2217dbdbd2f7f384c41c628544e6d52f2d0f53c6d0c3ea61aa5d1d7ff124"},
    {file = "packaging-24.1.tar.gz", hash = "sha256:026ed72c8ed3fcce5bf8950572258698927fd1dbda10a5e981cdf0ac37f4f002"},
]

[[package]]
name = "platformdirs"
version = "4.2.2"
requires_python = ">=3.8"
summary = "A small Python package for determining appropriate platform-specific dirs, e.g. a `user data dir`."
groups = ["dev"]
files = [
    {file = "platformdirs-4.2.2-py3-none-any.whl", hash = "sha256:2d7a1657e36a80ea911db832a8a6ece5ee53d8de21edd5cc5879af6530b1bfee"},
    {file = "platformdirs-4.2.2.tar.gz", hash = "sha256:38b7b51f512eed9e84a22788b4bce1de17c0adb134d6becb09836e37d8654cd3"},
]

[[package]]
name = "pluggy"
version = "1.5.0"
requires_python = ">=3.8"
summary = "plugin and hook calling mechanisms for python"
groups = ["dev"]
files = [
    {file = "pluggy-1.5.0-py3-none-any.whl", hash = "sha256:44e1ad92c8ca002de6377e165f3e0f1be63266ab4d554740532335b9d75ea669"},
    {file = "pluggy-1.5.0.tar.gz", hash = "sha256:2cffa88e94fdc978c4c574f15f9e59b7f4201d439195c3715ca9e2486f1d0cf1"},
]

[[package]]
name = "pre-commit"
version = "3.7.1"
requires_python = ">=3.9"
summary = "A framework for managing and maintaining multi-language pre-commit hooks."
groups = ["dev"]
dependencies = [
    "cfgv>=2.0.0",
    "identify>=1.0.0",
    "nodeenv>=0.11.1",
    "pyyaml>=5.1",
    "virtualenv>=20.10.0",
]
files = [
    {file = "pre_commit-3.7.1-py2.py3-none-any.whl", hash = "sha256:fae36fd1d7ad7d6a5a1c0b0d5adb2ed1a3bda5a21bf6c3e5372073d7a11cd4c5"},
    {file = "pre_commit-3.7.1.tar.gz", hash = "sha256:8ca3ad567bc78a4972a3f1a477e94a79d4597e8140a6e0b651c5e33899c3654a"},
]

[[package]]
name = "pytest"
version = "8.3.0"
requires_python = ">=3.8"
summary = "pytest: simple powerful testing with Python"
groups = ["dev"]
dependencies = [
    "colorama; sys_platform == \"win32\"",
    "exceptiongroup>=1.0.0rc8; python_version < \"3.11\"",
    "iniconfig",
    "packaging",
    "pluggy<2,>=1.5",
    "tomli>=1; python_version < \"3.11\"",
]
files = [
    {file = "pytest-8.3.0-py3-none-any.whl", hash = "sha256:a1b30492f2676b476266a87f6551345fb25c0484fb6d09c86aa2eb07b5f71c2f"},
    {file = "pytest-8.3.0.tar.gz", hash = "sha256:0fe75465746a643f2485f642edf5eb7af7918135177230471150409343f84a6b"},
]

[[package]]
name = "pyyaml"
version = "6.0.1"
requires_python = ">=3.6"
summary = "YAML parser and emitter for Python"
groups = ["dev"]
files = [
    {file = "PyYAML-6.0.1-cp310-cp310-macosx_10_9_x86_64.whl", hash = "sha256:d858aa552c999bc8a8d57426ed01e40bef403cd8ccdd0fc5f6f04a00414cac2a"},
    {file = "PyYAML-6.0.1-cp310-cp310-macosx_11_0_arm64.whl", hash = "sha256:fd66fc5d0da6d9815ba2cebeb4205f95818ff4b79c3ebe268e75d961704af52f"},
    {file = "PyYAML-6.0.1-cp310-cp310-manylinux_2_17_aarch64.manylinux2014_aarch64.whl", hash = "sha256:69b023b2b4daa7548bcfbd4aa3da05b3a74b772db9e23b982788168117739938"},
    {file = "PyYAML-6.0.1-cp310-cp310-manylinux_2_17_s390x.manylinux2014_s390x.whl", hash = "sha256:81e0b275a9ecc9c0c0c07b4b90ba548307583c125f54d5b6946cfee6360c733d"},
    {file = "PyYAML-6.0.1-cp310-cp310-manylinux_2_17_x86_64.manylinux2014_x86_64.whl", hash = "sha256:ba336e390cd8e4d1739f42dfe9bb83a3cc2e80f567d8805e11b46f4a943f5515"},
    {file = "PyYAML-6.0.1-cp310-cp310-musllinux_1_1_x86_64.whl", hash = "sha256:326c013efe8048858a6d312ddd31d56e468118ad4cdeda36c719bf5bb6192290"},
    {file = "PyYAML-6.0.1-cp310-cp310-win32.whl", hash = "sha256:bd4af7373a854424dabd882decdc5579653d7868b8fb26dc7d0e99f823aa5924"},
    {file = "PyYAML-6.0.1-cp310-cp310-win_amd64.whl", hash = "sha256:fd1592b3fdf65fff2ad0004b5e363300ef59ced41c2e6b3a99d4089fa8c5435d"},
    {file = "PyYAML-6.0.1-cp311-cp311-macosx_10_9_x86_64.whl", hash = "sha256:6965a7bc3cf88e5a1c3bd2e0b5c22f8d677dc88a455344035f03399034eb3007"},
    {file = "PyYAML-6.0.1-cp311-cp311-macosx_11_0_arm64.whl", hash = "sha256:f003ed9ad21d6a4713f0a9b5a7a0a79e08dd0f221aff4525a2be4c346ee60aab"},
    {file = "PyYAML-6.0.1-cp311-cp311-manylinux_2_17_aarch64.manylinux2014_aarch64.whl", hash = "sha256:42f8152b8dbc4fe7d96729ec2b99c7097d656dc1213a3229ca5383f973a5ed6d"},
    {file = "PyYAML-6.0.1-cp311-cp311-manylinux_2_17_s390x.manylinux2014_s390x.whl", hash = "sha256:062582fca9fabdd2c8b54a3ef1c978d786e0f6b3a1510e0ac93ef59e0ddae2bc"},
    {file = "PyYAML-6.0.1-cp311-cp311-manylinux_2_17_x86_64.manylinux2014_x86_64.whl", hash = "sha256:d2b04aac4d386b172d5b9692e2d2da8de7bfb6c387fa4f801fbf6fb2e6ba4673"},
    {file = "PyYAML-6.0.1-cp311-cp311-musllinux_1_1_x86_64.whl", hash = "sha256:e7d73685e87afe9f3b36c799222440d6cf362062f78be1013661b00c5c6f678b"},
    {file = "PyYAML-6.0.1-cp311-cp311-win32.whl", hash = "sha256:1635fd110e8d85d55237ab316b5b011de701ea0f29d07611174a1b42f1444741"},
    {file = "PyYAML-6.0.1-cp311-cp311-win_amd64.whl", hash = "sha256:bf07ee2fef7014951eeb99f56f39c9bb4af143d8aa3c21b1677805985307da34"},
    {file = "PyYAML-6.0.1-cp312-cp312-macosx_10_9_x86_64.whl", hash = "sha256:855fb52b0dc35af121542a76b9a84f8d1cd886ea97c84703eaa6d88e37a2ad28"},
    {file = "PyYAML-6.0.1-cp312-cp312-macosx_11_0_arm64.whl", hash = "sha256:40df9b996c2b73138957fe23a16a4f0ba614f4c0efce1e9406a184b6d07fa3a9"},
    {file = "PyYAML-6.0.1-cp312-cp312-manylinux_2_17_aarch64.manylinux2014_aarch64.whl", hash = "sha256:a08c6f0fe150303c1c6b71ebcd7213c2858041a7e01975da3a99aed1e7a378ef"},
    {file = "PyYAML-6.0.1-cp312-cp312-manylinux_2_17_x86_64.manylinux2014_x86_64.whl", hash = "sha256:6c22bec3fbe2524cde73d7ada88f6566758a8f7227bfbf93a408a9d86bcc12a0"},
    {file = "PyYAML-6.0.1-cp312-cp312-musllinux_1_1_x86_64.whl", hash = "sha256:8d4e9c88387b0f5c7d5f281e55304de64cf7f9c0021a3525bd3b1c542da3b0e4"},
    {file = "PyYAML-6.0.1-cp312-cp312-win32.whl", hash = "sha256:d483d2cdf104e7c9fa60c544d92981f12ad66a457afae824d146093b8c294c54"},
    {file = "PyYAML-6.0.1-cp312-cp312-win_amd64.whl", hash = "sha256:0d3304d8c0adc42be59c5f8a4d9e3d7379e6955ad754aa9d6ab7a398b59dd1df"},
    {file = "PyYAML-6.0.1-cp39-cp39-macosx_10_9_x86_64.whl", hash = "sha256:9eb6caa9a297fc2c2fb8862bc5370d0303ddba53ba97e71f08023b6cd73d16a8"},
    {file = "PyYAML-6.0.1-cp39-cp39-macosx_11_0_arm64.whl", hash = "sha256:c8098ddcc2a85b61647b2590f825f3db38891662cfc2fc776415143f599bb859"},
    {file = "PyYAML-6.0.1-cp39-cp39-manylinux_2_17_aarch64.manylinux2014_aarch64.whl", hash = "sha256:5773183b6446b2c99bb77e77595dd486303b4faab2b086e7b17bc6bef28865f6"},
    {file = "PyYAML-6.0.1-cp39-cp39-manylinux_2_17_s390x.manylinux2014_s390x.whl", hash = "sha256:b786eecbdf8499b9ca1d697215862083bd6d2a99965554781d0d8d1ad31e13a0"},
    {file = "PyYAML-6.0.1-cp39-cp39-manylinux_2_17_x86_64.manylinux2014_x86_64.whl", hash = "sha256:bc1bf2925a1ecd43da378f4db9e4f799775d6367bdb94671027b73b393a7c42c"},
    {file = "PyYAML-6.0.1-cp39-cp39-musllinux_1_1_x86_64.whl", hash = "sha256:04ac92ad1925b2cff1db0cfebffb6ffc43457495c9b3c39d3fcae417d7125dc5"},
    {file = "PyYAML-6.0.1-cp39-cp39-win32.whl", hash = "sha256:faca3bdcf85b2fc05d06ff3fbc1f83e1391b3e724afa3feba7d13eeab355484c"},
    {file = "PyYAML-6.0.1-cp39-cp39-win_amd64.whl", hash = "sha256:510c9deebc5c0225e8c96813043e62b680ba2f9c50a08d3724c7f28a747d1486"},
    {file = "PyYAML-6.0.1.tar.gz", hash = "sha256:bfdf460b1736c775f2ba9f6a92bca30bc2095067b8a9d77876d1fad6cc3b4a43"},
]

[[package]]
name = "ruff"
version = "0.5.3"
requires_python = ">=3.7"
summary = "An extremely fast Python linter and code formatter, written in Rust."
groups = ["dev"]
files = [
    {file = "ruff-0.5.3-py3-none-linux_armv6l.whl", hash = "sha256:b12424d9db7347fa63c5ed9af010003338c63c629fb9c9c6adb2aa4f5699729b"},
    {file = "ruff-0.5.3-py3-none-macosx_10_12_x86_64.whl", hash = "sha256:b8d72c5684bbd4ed304a9a955ee2e67f57b35f6193222ade910cca8a805490e3"},
    {file = "ruff-0.5.3-py3-none-macosx_11_0_arm64.whl", hash = "sha256:d2fc2cdb85ccac1e816cc9d5d8cedefd93661bd957756d902543af32a6b04a71"},
    {file = "ruff-0.5.3-py3-none-manylinux_2_17_aarch64.manylinux2014_aarch64.whl", hash = "sha256:cf4bc751240b2fab5d19254571bcacb315c7b0b00bf3c912d52226a82bbec073"},
    {file = "ruff-0.5.3-py3-none-manylinux_2_17_armv7l.manylinux2014_armv7l.whl", hash = "sha256:bc697ec874fdd7c7ba0a85ec76ab38f8595224868d67f097c5ffc21136e72fcd"},
    {file = "ruff-0.5.3-py3-none-manylinux_2_17_i686.manylinux2014_i686.whl", hash = "sha256:e791d34d3557a3819b3704bc1f087293c821083fa206812842fa363f6018a192"},
    {file = "ruff-0.5.3-py3-none-manylinux_2_17_ppc64.manylinux2014_ppc64.whl", hash = "sha256:76bb5a87fd397520b91a83eae8a2f7985236d42dd9459f09eef58e7f5c1d8316"},
    {file = "ruff-0.5.3-py3-none-manylinux_2_17_ppc64le.manylinux2014_ppc64le.whl", hash = "sha256:a8cfc7a26422c78e94f1ec78ec02501bbad2df5834907e75afe474cc6b83a8c1"},
    {file = "ruff-0.5.3-py3-none-manylinux_2_17_s390x.manylinux2014_s390x.whl", hash = "sha256:96066c4328a49fce2dd40e80f7117987369feec30ab771516cf95f1cc2db923c"},
    {file = "ruff-0.5.3-py3-none-manylinux_2_17_x86_64.manylinux2014_x86_64.whl", hash = "sha256:03bfe9ab5bdc0b08470c3b261643ad54ea86edc32b64d1e080892d7953add3ad"},
    {file = "ruff-0.5.3-py3-none-musllinux_1_2_aarch64.whl", hash = "sha256:7704582a026fa02cca83efd76671a98ee6eb412c4230209efe5e2a006c06db62"},
    {file = "ruff-0.5.3-py3-none-musllinux_1_2_armv7l.whl", hash = "sha256:08058d077e21b856d32ebf483443390e29dc44d927608dc8f092ff6776519da9"},
    {file = "ruff-0.5.3-py3-none-musllinux_1_2_i686.whl", hash = "sha256:77d49484429ed7c7e6e2e75a753f153b7b58f875bdb4158ad85af166a1ec1822"},
    {file = "ruff-0.5.3-py3-none-musllinux_1_2_x86_64.whl", hash = "sha256:642cbff6cbfa38d2566d8db086508d6f472edb136cbfcc4ea65997745368c29e"},
    {file = "ruff-0.5.3-py3-none-win32.whl", hash = "sha256:eafc45dd8bdc37a00b28e68cc038daf3ca8c233d73fea276dcd09defb1352841"},
    {file = "ruff-0.5.3-py3-none-win_amd64.whl", hash = "sha256:cbaec2ddf4f78e5e9ecf5456ea0f496991358a1d883862ed0b9e947e2b6aea93"},
    {file = "ruff-0.5.3-py3-none-win_arm64.whl", hash = "sha256:05fbd2cb404775d6cd7f2ff49504e2d20e13ef95fa203bd1ab22413af70d420b"},
    {file = "ruff-0.5.3.tar.gz", hash = "sha256:2a3eb4f1841771fa5b67a56be9c2d16fd3cc88e378bd86aaeaec2f7e6bcdd0a2"},
]

[[package]]
name = "setuptools"
version = "71.0.4"
requires_python = ">=3.8"
summary = "Easily download, build, install, upgrade, and uninstall Python packages"
groups = ["dev"]
files = [
    {file = "setuptools-71.0.4-py3-none-any.whl", hash = "sha256:ed2feca703be3bdbd94e6bb17365d91c6935c6b2a8d0bb09b66a2c435ba0b1a5"},
    {file = "setuptools-71.0.4.tar.gz", hash = "sha256:48297e5d393a62b7cb2a10b8f76c63a73af933bd809c9e0d0d6352a1a0135dd8"},
]

[[package]]
name = "smmap"
version = "5.0.1"
requires_python = ">=3.7"
summary = "A pure Python implementation of a sliding window memory map manager"
groups = ["dev"]
files = [
    {file = "smmap-5.0.1-py3-none-any.whl", hash = "sha256:e6d8668fa5f93e706934a62d7b4db19c8d9eb8cf2adbb75ef1b675aa332b69da"},
    {file = "smmap-5.0.1.tar.gz", hash = "sha256:dceeb6c0028fdb6734471eb07c0cd2aae706ccaecab45965ee83f11c8d3b1f62"},
]

[[package]]
name = "sniffio"
version = "1.3.1"
requires_python = ">=3.7"
summary = "Sniff out which async library your code is running under"
groups = ["dev"]
files = [
    {file = "sniffio-1.3.1-py3-none-any.whl", hash = "sha256:2f6da418d1f1e0fddd844478f41680e794e6051915791a034ff65e5f100525a2"},
    {file = "sniffio-1.3.1.tar.gz", hash = "sha256:f4324edc670a0f49750a81b895f35c3adb843cca46f0530f79fc1babb23789dc"},
]

[[package]]
name = "tomli"
version = "2.0.1"
requires_python = ">=3.7"
summary = "A lil' TOML parser"
groups = ["dev"]
marker = "python_version < \"3.11\""
files = [
    {file = "tomli-2.0.1-py3-none-any.whl", hash = "sha256:939de3e7a6161af0c887ef91b7d41a53e7c5a1ca976325f429cb46ea9bc30ecc"},
    {file = "tomli-2.0.1.tar.gz", hash = "sha256:de526c12914f0c550d15924c62d72abc48d6fe7364aa87328337a31007fe8a4f"},
]

[[package]]
name = "tree-sitter"
version = "0.22.3"
requires_python = ">=3.9"
summary = "Python bindings to the Tree-sitter parsing library"
groups = ["default"]
files = [
    {file = "tree-sitter-0.22.3.tar.gz", hash = "sha256:6516bcef5d36e0365670b97c91a169c8b1aa82ea4b60946b879020820718ce3d"},
    {file = "tree_sitter-0.22.3-cp310-cp310-macosx_10_9_x86_64.whl", hash = "sha256:d9a26dd80cf10763527483b02ba35a0b8d9168f324dbbce3f07860256c29bf15"},
    {file = "tree_sitter-0.22.3-cp310-cp310-macosx_11_0_arm64.whl", hash = "sha256:4bcbe0a7358628629d9ec8e5687477e12f7c6aae6943b0872afb7170db039b86"},
    {file = "tree_sitter-0.22.3-cp310-cp310-manylinux_2_17_aarch64.manylinux2014_aarch64.whl", hash = "sha256:dfa45e6bf2542862ce987482fe212ef3153bd331d5bba5873b9f485f8923f65a"},
    {file = "tree_sitter-0.22.3-cp310-cp310-manylinux_2_17_x86_64.manylinux2014_x86_64.whl", hash = "sha256:4545b142da82f9668007180e0081583054682d0154cd6349796ac77dc8520d63"},
    {file = "tree_sitter-0.22.3-cp310-cp310-musllinux_1_1_aarch64.whl", hash = "sha256:4978d22fe2868ab9a91125f49bd576ce5f954cc887c19471e0c33e104f37ba71"},
    {file = "tree_sitter-0.22.3-cp310-cp310-musllinux_1_1_x86_64.whl", hash = "sha256:0ec593a69f8c4f1c81494147814d11b7fc6c903e5299e084ae7b89caf95cef84"},
    {file = "tree_sitter-0.22.3-cp310-cp310-win_amd64.whl", hash = "sha256:0f66b88b8e9993630613d594e845f3cf2695fef87d0ca1475437cb17eeb72dc5"},
    {file = "tree_sitter-0.22.3-cp311-cp311-macosx_10_9_x86_64.whl", hash = "sha256:9e627eb129421f63378e936b5d0e13b8befa6e7c5267a8a7621a397a84e8f1f7"},
    {file = "tree_sitter-0.22.3-cp311-cp311-macosx_11_0_arm64.whl", hash = "sha256:3cfa2a9860bfb0404ae28a9cf056dab8f2eb7f1673d8cc9b3f7e21452daad0e0"},
    {file = "tree_sitter-0.22.3-cp311-cp311-manylinux_2_17_aarch64.manylinux2014_aarch64.whl", hash = "sha256:d9a66cc5f19635119a9d8325bcb00a58ed48427e3c3d307caf7c00d745ac83a5"},
    {file = "tree_sitter-0.22.3-cp311-cp311-manylinux_2_17_x86_64.manylinux2014_x86_64.whl", hash = "sha256:de16468ea22c910e67caa91c99be9d6eb73e97e5164480a890f678b22d32faca"},
    {file = "tree_sitter-0.22.3-cp311-cp311-musllinux_1_1_aarch64.whl", hash = "sha256:98c697427f82abab6b39cfe2ade6547d844dd419fa8cfc89031bcdf7c10579b6"},
    {file = "tree_sitter-0.22.3-cp311-cp311-musllinux_1_1_x86_64.whl", hash = "sha256:548aa34f15a29aef1fc8e85507f13e0678a54f1de16461f844d86179b19bb5f6"},
    {file = "tree_sitter-0.22.3-cp311-cp311-win_amd64.whl", hash = "sha256:2fc0e1097fb86623b340141e80a0f2b7668b09d953501d91adc715a577e32c61"},
    {file = "tree_sitter-0.22.3-cp312-cp312-macosx_10_9_x86_64.whl", hash = "sha256:7cb5c145fbd4bcc0cd4851dc4d0a6079a8e2f61257f8c0effc92434f6fb19b14"},
    {file = "tree_sitter-0.22.3-cp312-cp312-macosx_11_0_arm64.whl", hash = "sha256:d4a592080db6b9472a886f4593b4705d02630721fdbe4a700085fe775fcab20e"},
    {file = "tree_sitter-0.22.3-cp312-cp312-manylinux_2_17_aarch64.manylinux2014_aarch64.whl", hash = "sha256:f36bf523763f05edf924126583ea997f905162046c0f184d6fd040cc1ccbf2c5"},
    {file = "tree_sitter-0.22.3-cp312-cp312-manylinux_2_17_x86_64.manylinux2014_x86_64.whl", hash = "sha256:f8e1193f27c25aab299f4fc154664122c7bfe80633b726bb457356d371479a5b"},
    {file = "tree_sitter-0.22.3-cp312-cp312-musllinux_1_1_aarch64.whl", hash = "sha256:156df7e71a6c6b542ff29526cad6886a41115e42dc768c55101398d68325db54"},
    {file = "tree_sitter-0.22.3-cp312-cp312-musllinux_1_1_x86_64.whl", hash = "sha256:82e1d467ce23dd2ecc37d4fb83965e891fc37b943639c517cd5acf54a2df0ff7"},
    {file = "tree_sitter-0.22.3-cp312-cp312-win_amd64.whl", hash = "sha256:e541a0c08a04f229ba9479a8c441dd267fdaa3e5842ae70a744c178bcaf53fa3"},
    {file = "tree_sitter-0.22.3-cp39-cp39-macosx_10_9_x86_64.whl", hash = "sha256:a85a1d0fdff21cc524a959b3277c311941a9b5b91a862e462c1b55470893884a"},
    {file = "tree_sitter-0.22.3-cp39-cp39-macosx_11_0_arm64.whl", hash = "sha256:f96c6acd2799bafa28543a267937eec6a3d9ccbdeb6e1d05858114d4cd882da9"},
    {file = "tree_sitter-0.22.3-cp39-cp39-manylinux_2_17_aarch64.manylinux2014_aarch64.whl", hash = "sha256:ed2708aecd3a4c8d20a89350d3c89ac2f964985ee9117c39357cee3098a9498a"},
    {file = "tree_sitter-0.22.3-cp39-cp39-manylinux_2_17_x86_64.manylinux2014_x86_64.whl", hash = "sha256:6b2f99535aa4195b20fef18559defaabd9e12fe8ed8806c101d51820f240ca64"},
    {file = "tree_sitter-0.22.3-cp39-cp39-musllinux_1_1_aarch64.whl", hash = "sha256:459a0f3bf8d6dbb9e9f651d67cee3a60f0b799fefd4a33f49a7e9501ada98e35"},
    {file = "tree_sitter-0.22.3-cp39-cp39-musllinux_1_1_x86_64.whl", hash = "sha256:4a51bfe99dcd8bbfb0fe95113f0197e6e540db3077abce77a058235beec747a3"},
    {file = "tree_sitter-0.22.3-cp39-cp39-win_amd64.whl", hash = "sha256:8d54ef562492493bf091cb3fd605cb7e60bf1d56634a94ab48075741d823e3a5"},
]

[[package]]
name = "tree-sitter-c-sharp"
version = "0.21.3"
requires_python = ">=3.8"
summary = "C# grammar for tree-sitter"
groups = ["default"]
files = [
    {file = "tree-sitter-c-sharp-0.21.3.tar.gz", hash = "sha256:5afcc6bedd5b95065955f86858ecf623ac2d5f94e51c7b4fd5e80ceb2f3e375a"},
    {file = "tree_sitter_c_sharp-0.21.3-cp38-abi3-macosx_10_9_x86_64.whl", hash = "sha256:740ac4ab8eeb9d3912b99c21e205932a08674f0fbe55063ba4adbc7283a50e90"},
    {file = "tree_sitter_c_sharp-0.21.3-cp38-abi3-macosx_11_0_arm64.whl", hash = "sha256:9c07e4bceb6b80d1074275f57b390426b69ee48664909c112bc359bf27466cdd"},
    {file = "tree_sitter_c_sharp-0.21.3-cp38-abi3-manylinux_2_17_aarch64.manylinux2014_aarch64.whl", hash = "sha256:ceb9c8d911a10f3d48534f798880d7756e6b82a5e1d20fdafaaa2acb91cb413a"},
    {file = "tree_sitter_c_sharp-0.21.3-cp38-abi3-manylinux_2_5_x86_64.manylinux1_x86_64.manylinux_2_17_x86_64.manylinux2014_x86_64.whl", hash = "sha256:99cc01b65022cbbc1165a55df8cfa898aec2562fe3304fca1ccbee0daa4554bf"},
    {file = "tree_sitter_c_sharp-0.21.3-cp38-abi3-musllinux_1_2_aarch64.whl", hash = "sha256:40a6f775b71ff4f8d9d74c6d8ce66542e312ceff42ab7195a5c8dbdcc6196837"},
    {file = "tree_sitter_c_sharp-0.21.3-cp38-abi3-musllinux_1_2_x86_64.whl", hash = "sha256:b11024c4ac2123a46972e51d22e7960f80dc65f53d3b6bad897f20db8f1d37e0"},
    {file = "tree_sitter_c_sharp-0.21.3-cp38-abi3-win_amd64.whl", hash = "sha256:a7cde252d28ddde0ec6e0afdb0acb655cfe9884fc9fbcde3a16160a68b8ad08d"},
]

[[package]]
name = "tree-sitter-embedded-template"
version = "0.21.0"
requires_python = ">=3.8"
summary = "Embedded Template (ERB, EJS) grammar for tree-sitter"
groups = ["default"]
files = [
    {file = "tree-sitter-embedded-template-0.21.0.tar.gz", hash = "sha256:39798a7152a9c88f6eb7d53ef9ac0f1b10071a6c65c1e8b6d0d7b1fb175ab0ec"},
    {file = "tree_sitter_embedded_template-0.21.0-cp38-abi3-macosx_10_9_x86_64.whl", hash = "sha256:72df793eac7c00e52ad9e887d438db6c8b6031f3f557e96aa514915238f4542c"},
    {file = "tree_sitter_embedded_template-0.21.0-cp38-abi3-macosx_11_0_arm64.whl", hash = "sha256:d352e95d2fd2ce57529d513ce6ba7d2c979f6bb30d4083b7f1ed4998ad71558b"},
    {file = "tree_sitter_embedded_template-0.21.0-cp38-abi3-manylinux_2_17_aarch64.manylinux2014_aarch64.whl", hash = "sha256:41753db8fbcd4f12312ad0f91d8dc5584e628d750f5ae84747f3ecd5a9b85cee"},
    {file = "tree_sitter_embedded_template-0.21.0-cp38-abi3-manylinux_2_5_x86_64.manylinux1_x86_64.manylinux_2_17_x86_64.manylinux2014_x86_64.whl", hash = "sha256:dcb846c63876d43779949e28aff7407fd14507ce4dac8871c6b6713f99f2baa4"},
    {file = "tree_sitter_embedded_template-0.21.0-cp38-abi3-musllinux_1_1_aarch64.whl", hash = "sha256:480b830fdde379a666de78b03889b19487bd861ba30255caafd2b99c99a6778a"},
    {file = "tree_sitter_embedded_template-0.21.0-cp38-abi3-musllinux_1_1_x86_64.whl", hash = "sha256:91cd9b3d6b96f58aea30526af0abd17f6b814ac8a167b1a126898fbd4adcea8a"},
    {file = "tree_sitter_embedded_template-0.21.0-cp38-abi3-win_amd64.whl", hash = "sha256:13ce8750b7a66050c0436ec0a0f574a59e191f67521f10cb983dd488b31f54fc"},
]

[[package]]
name = "tree-sitter-php"
version = "0.22.7"
requires_python = ">=3.8"
summary = "PHP grammar for tree-sitter"
groups = ["default"]
files = [
    {file = "tree-sitter-php-0.22.7.tar.gz", hash = "sha256:5140933455c4b59a1f2a5947745411cb339bf07e541cbfd75ccfc1e0f5b8491d"},
    {file = "tree_sitter_php-0.22.7-cp38-abi3-macosx_10_9_x86_64.whl", hash = "sha256:e13988097e2ff0fa98e3eb44d1f78e6159ed423627a4296a0d33c04e82d557d2"},
    {file = "tree_sitter_php-0.22.7-cp38-abi3-macosx_11_0_arm64.whl", hash = "sha256:64a7dfb83857fe62cc585781455fba1cc2fec1ec5fec793bc2a7d169c18311f7"},
    {file = "tree_sitter_php-0.22.7-cp38-abi3-manylinux_2_17_aarch64.manylinux2014_aarch64.whl", hash = "sha256:1420d8b6d786462bdca95df3024bac8aed27ee4094e38c8baefd02aa382f981a"},
    {file = "tree_sitter_php-0.22.7-cp38-abi3-manylinux_2_17_x86_64.manylinux2014_x86_64.whl", hash = "sha256:6ee326bd5a8291f165ba81cf4af7d30a2a5b281cafd3acf88a2bea73cd49025c"},
    {file = "tree_sitter_php-0.22.7-cp38-abi3-musllinux_1_2_aarch64.whl", hash = "sha256:6f9e9f04f814d847f719d166c7a942059c2e7ca450b98bc66455f04f5c053020"},
    {file = "tree_sitter_php-0.22.7-cp38-abi3-musllinux_1_2_x86_64.whl", hash = "sha256:f4d6d4b5da26545c6a374e216ce0ec4d7998ff1644a2852d39a62039c3ccbcfa"},
    {file = "tree_sitter_php-0.22.7-cp38-abi3-win_amd64.whl", hash = "sha256:15cac68439e49cc7109320f82d2c8c26c485415e49a17f6b2b253c3d3d853a73"},
]

[[package]]
name = "tree-sitter-typescript"
version = "0.21.2"
requires_python = ">=3.8"
summary = "TypeScript and TSX grammars for tree-sitter"
groups = ["default"]
files = [
    {file = "tree-sitter-typescript-0.21.2.tar.gz", hash = "sha256:c0d8a22d5bff5c4ead0cafe09de39a61a2f5d51709ab382f3bd10e66db27f59b"},
    {file = "tree_sitter_typescript-0.21.2-cp38-abi3-macosx_10_9_x86_64.whl", hash = "sha256:5cf887119df68684da10b459e4fda6344d0264c3965fd74a662c1846fdeee95d"},
    {file = "tree_sitter_typescript-0.21.2-cp38-abi3-macosx_11_0_arm64.whl", hash = "sha256:2a374de17bc0f2ec3c382c718f1e2b65527eded37c7302266301362b635b9b28"},
    {file = "tree_sitter_typescript-0.21.2-cp38-abi3-manylinux_2_17_aarch64.manylinux2014_aarch64.whl", hash = "sha256:3983cd2872c0a3380ecd8a57011e087243e000ff971717c789193eea05ad6ff9"},
    {file = "tree_sitter_typescript-0.21.2-cp38-abi3-manylinux_2_5_x86_64.manylinux1_x86_64.manylinux_2_17_x86_64.manylinux2014_x86_64.whl", hash = "sha256:ecc3b3eca84e6b3d19bfa783364e56b89996dbbb65cb25cba102ad19c534240a"},
    {file = "tree_sitter_typescript-0.21.2-cp38-abi3-musllinux_1_2_aarch64.whl", hash = "sha256:b6d4572dbff40ea80566eaeb8fcce188fd2b79ed5fd0c064819e0b2986d4b542"},
    {file = "tree_sitter_typescript-0.21.2-cp38-abi3-musllinux_1_2_x86_64.whl", hash = "sha256:4c6e0b499c1fcac00e2e318e6a58d70b0faef85a8c624ee00c813a569f239159"},
    {file = "tree_sitter_typescript-0.21.2-cp38-abi3-win_amd64.whl", hash = "sha256:20534e4264823ace685f8009719bb249bfef3042d58e9bd5c9af8c7c61eeed42"},
]

[[package]]
name = "tree-sitter-xml"
version = "0.6.4"
requires_python = ">=3.8"
summary = "XML & DTD grammars for tree-sitter"
groups = ["default"]
files = [
    {file = "tree-sitter-xml-0.6.4.tar.gz", hash = "sha256:4cb39822825a550c3f5241dfaf33c7cba3b324ad8cdcb82d168516a40e0518b7"},
    {file = "tree_sitter_xml-0.6.4-cp38-abi3-macosx_10_9_x86_64.whl", hash = "sha256:5b7729f0d8901fc09d7e7a36e25759042b396d02c3ccdc1137cb33883bd0ff14"},
    {file = "tree_sitter_xml-0.6.4-cp38-abi3-macosx_11_0_arm64.whl", hash = "sha256:6b8cb8bb8cd0d3e0d750cddcbe4ffbb0613c132c401d6f0192cc5fb8bfb01941"},
    {file = "tree_sitter_xml-0.6.4-cp38-abi3-manylinux_2_17_aarch64.manylinux2014_aarch64.whl", hash = "sha256:63d9faab1d36c9e164dea97c0ed3bdc577f8bbba4779964fa2e9d7e648cfd98f"},
    {file = "tree_sitter_xml-0.6.4-cp38-abi3-manylinux_2_5_x86_64.manylinux1_x86_64.manylinux_2_17_x86_64.manylinux2014_x86_64.whl", hash = "sha256:8349b6b66cc109845bfc3174b84d6cd96d861ed0dbbdbc7b4c50327920bb6369"},
    {file = "tree_sitter_xml-0.6.4-cp38-abi3-musllinux_1_2_aarch64.whl", hash = "sha256:ba2b33b885c9dd9ec9d7cef91e61f7d121a5ff77a89ad231034ef60c0ee26b67"},
    {file = "tree_sitter_xml-0.6.4-cp38-abi3-musllinux_1_2_x86_64.whl", hash = "sha256:2def889035c9a98041ac35c323e1ede3a4a43707df824889c6ea4f7e2a318f1d"},
    {file = "tree_sitter_xml-0.6.4-cp38-abi3-win_amd64.whl", hash = "sha256:2d2ac7eada13c03510e32b65e5f8c115b921025664e4648a611ff223aa461bbe"},
]

[[package]]
name = "tree-sitter-yaml"
version = "0.6.0"
requires_python = ">=3.8"
summary = "YAML grammar for tree-sitter"
groups = ["default"]
files = [
    {file = "tree_sitter_yaml-0.6.0-cp38-abi3-macosx_10_9_x86_64.whl", hash = "sha256:62d53ef380d6f0ae731818be4e236d3006abede6331d1b727fe6a5476601cff9"},
    {file = "tree_sitter_yaml-0.6.0-cp38-abi3-macosx_11_0_arm64.whl", hash = "sha256:7e7ccc5666336dabf3bfbffd6333c3df7ab8c8b6564fd550fe443d4a09609f57"},
    {file = "tree_sitter_yaml-0.6.0-cp38-abi3-manylinux_2_17_aarch64.manylinux2014_aarch64.whl", hash = "sha256:b0b5c0a4db1834e8066fe011f6a9e9a7dbd03eb70321a59c74b079dd6ca8389e"},
    {file = "tree_sitter_yaml-0.6.0-cp38-abi3-manylinux_2_5_x86_64.manylinux1_x86_64.manylinux_2_17_x86_64.manylinux2014_x86_64.whl", hash = "sha256:41ea2cc2857982c4e2102032fadf186d9c8d5b53706f5963c5470234eac39fc4"},
    {file = "tree_sitter_yaml-0.6.0-cp38-abi3-musllinux_1_1_aarch64.whl", hash = "sha256:c07c297e515af4c11912d32ad8115261c1999570f6cee0af96850ed9daacda6d"},
    {file = "tree_sitter_yaml-0.6.0-cp38-abi3-musllinux_1_1_x86_64.whl", hash = "sha256:f20b99ee3b11c7307d80698ac71a3c9b1284760cd205d6575e796e0285a172a7"},
    {file = "tree_sitter_yaml-0.6.0-cp38-abi3-win_amd64.whl", hash = "sha256:5cd6a603303c3c3a8f1e79245d202fb1156baff48000c7a01de085767eba9253"},
]

[[package]]
name = "typing-extensions"
version = "4.12.2"
requires_python = ">=3.8"
summary = "Backported and Experimental Type Hints for Python 3.8+"
groups = ["dev"]
files = [
    {file = "typing_extensions-4.12.2-py3-none-any.whl", hash = "sha256:04e5ca0351e0f3f85c6853954072df659d0d13fac324d0072316b67d7794700d"},
    {file = "typing_extensions-4.12.2.tar.gz", hash = "sha256:1a7ead55c7e559dd4dee8856e3a88b41225abfe1ce8df57b7c13915fe121ffb8"},
]

[[package]]
name = "virtualenv"
version = "20.26.3"
requires_python = ">=3.7"
summary = "Virtual Python Environment builder"
groups = ["dev"]
dependencies = [
    "distlib<1,>=0.3.7",
    "filelock<4,>=3.12.2",
    "platformdirs<5,>=3.9.1",
]
files = [
    {file = "virtualenv-20.26.3-py3-none-any.whl", hash = "sha256:8cc4a31139e796e9a7de2cd5cf2489de1217193116a8fd42328f1bd65f434589"},
    {file = "virtualenv-20.26.3.tar.gz", hash = "sha256:4c43a2a236279d9ea36a0d76f98d84bd6ca94ac4e0f4a3b9d46d05e10fea542a"},
]

[[package]]
name = "wheel"
version = "0.43.0"
requires_python = ">=3.8"
summary = "A built-package format for Python"
groups = ["dev"]
files = [
    {file = "wheel-0.43.0-py3-none-any.whl", hash = "sha256:55c570405f142630c6b9f72fe09d9b67cf1477fcf543ae5b8dcb1f5b7377da81"},
    {file = "wheel-0.43.0.tar.gz", hash = "sha256:465ef92c69fa5c5da2d1cf8ac40559a8c940886afcef87dcf14b9470862f1d85"},
]
